// !$*UTF8*$!
{
	archiveVersion = 1;
	classes = {
	};
	objectVersion = 56;
	objects = {

/* Begin PBXBuildFile section */
		4B8A13FA29ECCB9700F9941E /* AppDelegate.swift in Sources */ = {isa = PBXBuildFile; fileRef = 4B8A13F929ECCB9700F9941E /* AppDelegate.swift */; };
		4B8A13FC29ECCB9700F9941E /* SceneDelegate.swift in Sources */ = {isa = PBXBuildFile; fileRef = 4B8A13FB29ECCB9700F9941E /* SceneDelegate.swift */; };
		4B8A13FE29ECCB9700F9941E /* ViewController.swift in Sources */ = {isa = PBXBuildFile; fileRef = 4B8A13FD29ECCB9700F9941E /* ViewController.swift */; };
		4B8A140129ECCB9700F9941E /* Main.storyboard in Resources */ = {isa = PBXBuildFile; fileRef = 4B8A13FF29ECCB9700F9941E /* Main.storyboard */; };
		4B8A140329ECCB9800F9941E /* Assets.xcassets in Resources */ = {isa = PBXBuildFile; fileRef = 4B8A140229ECCB9800F9941E /* Assets.xcassets */; };
		4B8A140629ECCB9800F9941E /* LaunchScreen.storyboard in Resources */ = {isa = PBXBuildFile; fileRef = 4B8A140429ECCB9800F9941E /* LaunchScreen.storyboard */; };
		4B8A141129ECCB9800F9941E /* Contact_ListTests.swift in Sources */ = {isa = PBXBuildFile; fileRef = 4B8A141029ECCB9800F9941E /* Contact_ListTests.swift */; };
		4B8A141B29ECCB9800F9941E /* Contact_ListUITests.swift in Sources */ = {isa = PBXBuildFile; fileRef = 4B8A141A29ECCB9800F9941E /* Contact_ListUITests.swift */; };
		4B8A141D29ECCB9800F9941E /* Contact_ListUITestsLaunchTests.swift in Sources */ = {isa = PBXBuildFile; fileRef = 4B8A141C29ECCB9800F9941E /* Contact_ListUITestsLaunchTests.swift */; };
/* End PBXBuildFile section */

/* Begin PBXContainerItemProxy section */
		4B8A140D29ECCB9800F9941E /* PBXContainerItemProxy */ = {
			isa = PBXContainerItemProxy;
			containerPortal = 4B8A13EE29ECCB9700F9941E /* Project object */;
			proxyType = 1;
			remoteGlobalIDString = 4B8A13F529ECCB9700F9941E;
			remoteInfo = "Contact List";
		};
		4B8A141729ECCB9800F9941E /* PBXContainerItemProxy */ = {
			isa = PBXContainerItemProxy;
			containerPortal = 4B8A13EE29ECCB9700F9941E /* Project object */;
			proxyType = 1;
			remoteGlobalIDString = 4B8A13F529ECCB9700F9941E;
			remoteInfo = "Contact List";
		};
/* End PBXContainerItemProxy section */

/* Begin PBXFileReference section */
		4B8A13F629ECCB9700F9941E /* Contact List.app */ = {isa = PBXFileReference; explicitFileType = wrapper.application; includeInIndex = 0; path = "Contact List.app"; sourceTree = BUILT_PRODUCTS_DIR; };
		4B8A13F929ECCB9700F9941E /* AppDelegate.swift */ = {isa = PBXFileReference; lastKnownFileType = sourcecode.swift; path = AppDelegate.swift; sourceTree = "<group>"; };
		4B8A13FB29ECCB9700F9941E /* SceneDelegate.swift */ = {isa = PBXFileReference; lastKnownFileType = sourcecode.swift; path = SceneDelegate.swift; sourceTree = "<group>"; };
		4B8A13FD29ECCB9700F9941E /* ViewController.swift */ = {isa = PBXFileReference; lastKnownFileType = sourcecode.swift; path = ViewController.swift; sourceTree = "<group>"; };
		4B8A140029ECCB9700F9941E /* Base */ = {isa = PBXFileReference; lastKnownFileType = file.storyboard; name = Base; path = Base.lproj/Main.storyboard; sourceTree = "<group>"; };
		4B8A140229ECCB9800F9941E /* Assets.xcassets */ = {isa = PBXFileReference; lastKnownFileType = folder.assetcatalog; path = Assets.xcassets; sourceTree = "<group>"; };
		4B8A140529ECCB9800F9941E /* Base */ = {isa = PBXFileReference; lastKnownFileType = file.storyboard; name = Base; path = Base.lproj/LaunchScreen.storyboard; sourceTree = "<group>"; };
		4B8A140729ECCB9800F9941E /* Info.plist */ = {isa = PBXFileReference; lastKnownFileType = text.plist.xml; path = Info.plist; sourceTree = "<group>"; };
		4B8A140C29ECCB9800F9941E /* Contact ListTests.xctest */ = {isa = PBXFileReference; explicitFileType = wrapper.cfbundle; includeInIndex = 0; path = "Contact ListTests.xctest"; sourceTree = BUILT_PRODUCTS_DIR; };
		4B8A141029ECCB9800F9941E /* Contact_ListTests.swift */ = {isa = PBXFileReference; lastKnownFileType = sourcecode.swift; path = Contact_ListTests.swift; sourceTree = "<group>"; };
		4B8A141629ECCB9800F9941E /* Contact ListUITests.xctest */ = {isa = PBXFileReference; explicitFileType = wrapper.cfbundle; includeInIndex = 0; path = "Contact ListUITests.xctest"; sourceTree = BUILT_PRODUCTS_DIR; };
		4B8A141A29ECCB9800F9941E /* Contact_ListUITests.swift */ = {isa = PBXFileReference; lastKnownFileType = sourcecode.swift; path = Contact_ListUITests.swift; sourceTree = "<group>"; };
		4B8A141C29ECCB9800F9941E /* Contact_ListUITestsLaunchTests.swift */ = {isa = PBXFileReference; lastKnownFileType = sourcecode.swift; path = Contact_ListUITestsLaunchTests.swift; sourceTree = "<group>"; };
/* End PBXFileReference section */

/* Begin PBXFrameworksBuildPhase section */
		4B8A13F329ECCB9700F9941E /* Frameworks */ = {
			isa = PBXFrameworksBuildPhase;
			buildActionMask = 2147483647;
			files = (
			);
			runOnlyForDeploymentPostprocessing = 0;
		};
		4B8A140929ECCB9800F9941E /* Frameworks */ = {
			isa = PBXFrameworksBuildPhase;
			buildActionMask = 2147483647;
			files = (
			);
			runOnlyForDeploymentPostprocessing = 0;
		};
		4B8A141329ECCB9800F9941E /* Frameworks */ = {
			isa = PBXFrameworksBuildPhase;
			buildActionMask = 2147483647;
			files = (
			);
			runOnlyForDeploymentPostprocessing = 0;
		};
/* End PBXFrameworksBuildPhase section */

/* Begin PBXGroup section */
		4B8A13ED29ECCB9700F9941E = {
			isa = PBXGroup;
			children = (
				4B8A13F829ECCB9700F9941E /* Contact List */,
				4B8A140F29ECCB9800F9941E /* Contact ListTests */,
				4B8A141929ECCB9800F9941E /* Contact ListUITests */,
				4B8A13F729ECCB9700F9941E /* Products */,
			);
			sourceTree = "<group>";
		};
		4B8A13F729ECCB9700F9941E /* Products */ = {
			isa = PBXGroup;
			children = (
				4B8A13F629ECCB9700F9941E /* Contact List.app */,
				4B8A140C29ECCB9800F9941E /* Contact ListTests.xctest */,
				4B8A141629ECCB9800F9941E /* Contact ListUITests.xctest */,
			);
			name = Products;
			sourceTree = "<group>";
		};
		4B8A13F829ECCB9700F9941E /* Contact List */ = {
			isa = PBXGroup;
			children = (
				4B8A13F929ECCB9700F9941E /* AppDelegate.swift */,
				4B8A13FB29ECCB9700F9941E /* SceneDelegate.swift */,
				4B8A13FD29ECCB9700F9941E /* ViewController.swift */,
				4B8A13FF29ECCB9700F9941E /* Main.storyboard */,
				4B8A140229ECCB9800F9941E /* Assets.xcassets */,
				4B8A140429ECCB9800F9941E /* LaunchScreen.storyboard */,
				4B8A140729ECCB9800F9941E /* Info.plist */,
			);
			path = "Contact List";
			sourceTree = "<group>";
		};
		4B8A140F29ECCB9800F9941E /* Contact ListTests */ = {
			isa = PBXGroup;
			children = (
				4B8A141029ECCB9800F9941E /* Contact_ListTests.swift */,
			);
			path = "Contact ListTests";
			sourceTree = "<group>";
		};
		4B8A141929ECCB9800F9941E /* Contact ListUITests */ = {
			isa = PBXGroup;
			children = (
				4B8A141A29ECCB9800F9941E /* Contact_ListUITests.swift */,
				4B8A141C29ECCB9800F9941E /* Contact_ListUITestsLaunchTests.swift */,
			);
			path = "Contact ListUITests";
			sourceTree = "<group>";
		};
/* End PBXGroup section */

/* Begin PBXNativeTarget section */
		4B8A13F529ECCB9700F9941E /* Contact List */ = {
			isa = PBXNativeTarget;
			buildConfigurationList = 4B8A142029ECCB9800F9941E /* Build configuration list for PBXNativeTarget "Contact List" */;
			buildPhases = (
				4B8A13F229ECCB9700F9941E /* Sources */,
				4B8A13F329ECCB9700F9941E /* Frameworks */,
				4B8A13F429ECCB9700F9941E /* Resources */,
			);
			buildRules = (
			);
			dependencies = (
			);
			name = "Contact List";
			productName = "Contact List";
			productReference = 4B8A13F629ECCB9700F9941E /* Contact List.app */;
			productType = "com.apple.product-type.application";
		};
		4B8A140B29ECCB9800F9941E /* Contact ListTests */ = {
			isa = PBXNativeTarget;
			buildConfigurationList = 4B8A142329ECCB9800F9941E /* Build configuration list for PBXNativeTarget "Contact ListTests" */;
			buildPhases = (
				4B8A140829ECCB9800F9941E /* Sources */,
				4B8A140929ECCB9800F9941E /* Frameworks */,
				4B8A140A29ECCB9800F9941E /* Resources */,
			);
			buildRules = (
			);
			dependencies = (
				4B8A140E29ECCB9800F9941E /* PBXTargetDependency */,
			);
			name = "Contact ListTests";
			productName = "Contact ListTests";
			productReference = 4B8A140C29ECCB9800F9941E /* Contact ListTests.xctest */;
			productType = "com.apple.product-type.bundle.unit-test";
		};
		4B8A141529ECCB9800F9941E /* Contact ListUITests */ = {
			isa = PBXNativeTarget;
			buildConfigurationList = 4B8A142629ECCB9800F9941E /* Build configuration list for PBXNativeTarget "Contact ListUITests" */;
			buildPhases = (
				4B8A141229ECCB9800F9941E /* Sources */,
				4B8A141329ECCB9800F9941E /* Frameworks */,
				4B8A141429ECCB9800F9941E /* Resources */,
			);
			buildRules = (
			);
			dependencies = (
				4B8A141829ECCB9800F9941E /* PBXTargetDependency */,
			);
			name = "Contact ListUITests";
			productName = "Contact ListUITests";
			productReference = 4B8A141629ECCB9800F9941E /* Contact ListUITests.xctest */;
			productType = "com.apple.product-type.bundle.ui-testing";
		};
/* End PBXNativeTarget section */

/* Begin PBXProject section */
		4B8A13EE29ECCB9700F9941E /* Project object */ = {
			isa = PBXProject;
			attributes = {
				BuildIndependentTargetsInParallel = 1;
				LastSwiftUpdateCheck = 1420;
				LastUpgradeCheck = 1420;
				TargetAttributes = {
					4B8A13F529ECCB9700F9941E = {
						CreatedOnToolsVersion = 14.2;
					};
					4B8A140B29ECCB9800F9941E = {
						CreatedOnToolsVersion = 14.2;
						TestTargetID = 4B8A13F529ECCB9700F9941E;
					};
					4B8A141529ECCB9800F9941E = {
						CreatedOnToolsVersion = 14.2;
						TestTargetID = 4B8A13F529ECCB9700F9941E;
					};
				};
			};
			buildConfigurationList = 4B8A13F129ECCB9700F9941E /* Build configuration list for PBXProject "Contact List" */;
			compatibilityVersion = "Xcode 14.0";
			developmentRegion = en;
			hasScannedForEncodings = 0;
			knownRegions = (
				en,
				Base,
			);
			mainGroup = 4B8A13ED29ECCB9700F9941E;
			productRefGroup = 4B8A13F729ECCB9700F9941E /* Products */;
			projectDirPath = "";
			projectRoot = "";
			targets = (
				4B8A13F529ECCB9700F9941E /* Contact List */,
				4B8A140B29ECCB9800F9941E /* Contact ListTests */,
				4B8A141529ECCB9800F9941E /* Contact ListUITests */,
			);
		};
/* End PBXProject section */

/* Begin PBXResourcesBuildPhase section */
		4B8A13F429ECCB9700F9941E /* Resources */ = {
			isa = PBXResourcesBuildPhase;
			buildActionMask = 2147483647;
			files = (
				4B8A140629ECCB9800F9941E /* LaunchScreen.storyboard in Resources */,
				4B8A140329ECCB9800F9941E /* Assets.xcassets in Resources */,
				4B8A140129ECCB9700F9941E /* Main.storyboard in Resources */,
			);
			runOnlyForDeploymentPostprocessing = 0;
		};
		4B8A140A29ECCB9800F9941E /* Resources */ = {
			isa = PBXResourcesBuildPhase;
			buildActionMask = 2147483647;
			files = (
			);
			runOnlyForDeploymentPostprocessing = 0;
		};
		4B8A141429ECCB9800F9941E /* Resources */ = {
			isa = PBXResourcesBuildPhase;
			buildActionMask = 2147483647;
			files = (
			);
			runOnlyForDeploymentPostprocessing = 0;
		};
/* End PBXResourcesBuildPhase section */

/* Begin PBXSourcesBuildPhase section */
		4B8A13F229ECCB9700F9941E /* Sources */ = {
			isa = PBXSourcesBuildPhase;
			buildActionMask = 2147483647;
			files = (
				4B8A13FE29ECCB9700F9941E /* ViewController.swift in Sources */,
				4B8A13FA29ECCB9700F9941E /* AppDelegate.swift in Sources */,
				4B8A13FC29ECCB9700F9941E /* SceneDelegate.swift in Sources */,
			);
			runOnlyForDeploymentPostprocessing = 0;
		};
		4B8A140829ECCB9800F9941E /* Sources */ = {
			isa = PBXSourcesBuildPhase;
			buildActionMask = 2147483647;
			files = (
				4B8A141129ECCB9800F9941E /* Contact_ListTests.swift in Sources */,
			);
			runOnlyForDeploymentPostprocessing = 0;
		};
		4B8A141229ECCB9800F9941E /* Sources */ = {
			isa = PBXSourcesBuildPhase;
			buildActionMask = 2147483647;
			files = (
				4B8A141B29ECCB9800F9941E /* Contact_ListUITests.swift in Sources */,
				4B8A141D29ECCB9800F9941E /* Contact_ListUITestsLaunchTests.swift in Sources */,
			);
			runOnlyForDeploymentPostprocessing = 0;
		};
/* End PBXSourcesBuildPhase section */

/* Begin PBXTargetDependency section */
		4B8A140E29ECCB9800F9941E /* PBXTargetDependency */ = {
			isa = PBXTargetDependency;
			target = 4B8A13F529ECCB9700F9941E /* Contact List */;
			targetProxy = 4B8A140D29ECCB9800F9941E /* PBXContainerItemProxy */;
		};
		4B8A141829ECCB9800F9941E /* PBXTargetDependency */ = {
			isa = PBXTargetDependency;
			target = 4B8A13F529ECCB9700F9941E /* Contact List */;
			targetProxy = 4B8A141729ECCB9800F9941E /* PBXContainerItemProxy */;
		};
/* End PBXTargetDependency section */

/* Begin PBXVariantGroup section */
		4B8A13FF29ECCB9700F9941E /* Main.storyboard */ = {
			isa = PBXVariantGroup;
			children = (
				4B8A140029ECCB9700F9941E /* Base */,
			);
			name = Main.storyboard;
			sourceTree = "<group>";
		};
		4B8A140429ECCB9800F9941E /* LaunchScreen.storyboard */ = {
			isa = PBXVariantGroup;
			children = (
				4B8A140529ECCB9800F9941E /* Base */,
			);
			name = LaunchScreen.storyboard;
			sourceTree = "<group>";
		};
/* End PBXVariantGroup section */

/* Begin XCBuildConfiguration section */
		4B8A141E29ECCB9800F9941E /* Debug */ = {
			isa = XCBuildConfiguration;
			buildSettings = {
				ALWAYS_SEARCH_USER_PATHS = NO;
				CLANG_ANALYZER_NONNULL = YES;
				CLANG_ANALYZER_NUMBER_OBJECT_CONVERSION = YES_AGGRESSIVE;
				CLANG_CXX_LANGUAGE_STANDARD = "gnu++20";
				CLANG_ENABLE_MODULES = YES;
				CLANG_ENABLE_OBJC_ARC = YES;
				CLANG_ENABLE_OBJC_WEAK = YES;
				CLANG_WARN_BLOCK_CAPTURE_AUTORELEASING = YES;
				CLANG_WARN_BOOL_CONVERSION = YES;
				CLANG_WARN_COMMA = YES;
				CLANG_WARN_CONSTANT_CONVERSION = YES;
				CLANG_WARN_DEPRECATED_OBJC_IMPLEMENTATIONS = YES;
				CLANG_WARN_DIRECT_OBJC_ISA_USAGE = YES_ERROR;
				CLANG_WARN_DOCUMENTATION_COMMENTS = YES;
				CLANG_WARN_EMPTY_BODY = YES;
				CLANG_WARN_ENUM_CONVERSION = YES;
				CLANG_WARN_INFINITE_RECURSION = YES;
				CLANG_WARN_INT_CONVERSION = YES;
				CLANG_WARN_NON_LITERAL_NULL_CONVERSION = YES;
				CLANG_WARN_OBJC_IMPLICIT_RETAIN_SELF = YES;
				CLANG_WARN_OBJC_LITERAL_CONVERSION = YES;
				CLANG_WARN_OBJC_ROOT_CLASS = YES_ERROR;
				CLANG_WARN_QUOTED_INCLUDE_IN_FRAMEWORK_HEADER = YES;
				CLANG_WARN_RANGE_LOOP_ANALYSIS = YES;
				CLANG_WARN_STRICT_PROTOTYPES = YES;
				CLANG_WARN_SUSPICIOUS_MOVE = YES;
				CLANG_WARN_UNGUARDED_AVAILABILITY = YES_AGGRESSIVE;
				CLANG_WARN_UNREACHABLE_CODE = YES;
				CLANG_WARN__DUPLICATE_METHOD_MATCH = YES;
				COPY_PHASE_STRIP = NO;
				DEBUG_INFORMATION_FORMAT = dwarf;
				ENABLE_STRICT_OBJC_MSGSEND = YES;
				ENABLE_TESTABILITY = YES;
				GCC_C_LANGUAGE_STANDARD = gnu11;
				GCC_DYNAMIC_NO_PIC = NO;
				GCC_NO_COMMON_BLOCKS = YES;
				GCC_OPTIMIZATION_LEVEL = 0;
				GCC_PREPROCESSOR_DEFINITIONS = (
					"DEBUG=1",
					"$(inherited)",
				);
				GCC_WARN_64_TO_32_BIT_CONVERSION = YES;
				GCC_WARN_ABOUT_RETURN_TYPE = YES_ERROR;
				GCC_WARN_UNDECLARED_SELECTOR = YES;
				GCC_WARN_UNINITIALIZED_AUTOS = YES_AGGRESSIVE;
				GCC_WARN_UNUSED_FUNCTION = YES;
				GCC_WARN_UNUSED_VARIABLE = YES;
				IPHONEOS_DEPLOYMENT_TARGET = 16.2;
				MTL_ENABLE_DEBUG_INFO = INCLUDE_SOURCE;
				MTL_FAST_MATH = YES;
				ONLY_ACTIVE_ARCH = YES;
				SDKROOT = iphoneos;
				SWIFT_ACTIVE_COMPILATION_CONDITIONS = DEBUG;
				SWIFT_OPTIMIZATION_LEVEL = "-Onone";
			};
			name = Debug;
		};
		4B8A141F29ECCB9800F9941E /* Release */ = {
			isa = XCBuildConfiguration;
			buildSettings = {
				ALWAYS_SEARCH_USER_PATHS = NO;
				CLANG_ANALYZER_NONNULL = YES;
				CLANG_ANALYZER_NUMBER_OBJECT_CONVERSION = YES_AGGRESSIVE;
				CLANG_CXX_LANGUAGE_STANDARD = "gnu++20";
				CLANG_ENABLE_MODULES = YES;
				CLANG_ENABLE_OBJC_ARC = YES;
				CLANG_ENABLE_OBJC_WEAK = YES;
				CLANG_WARN_BLOCK_CAPTURE_AUTORELEASING = YES;
				CLANG_WARN_BOOL_CONVERSION = YES;
				CLANG_WARN_COMMA = YES;
				CLANG_WARN_CONSTANT_CONVERSION = YES;
				CLANG_WARN_DEPRECATED_OBJC_IMPLEMENTATIONS = YES;
				CLANG_WARN_DIRECT_OBJC_ISA_USAGE = YES_ERROR;
				CLANG_WARN_DOCUMENTATION_COMMENTS = YES;
				CLANG_WARN_EMPTY_BODY = YES;
				CLANG_WARN_ENUM_CONVERSION = YES;
				CLANG_WARN_INFINITE_RECURSION = YES;
				CLANG_WARN_INT_CONVERSION = YES;
				CLANG_WARN_NON_LITERAL_NULL_CONVERSION = YES;
				CLANG_WARN_OBJC_IMPLICIT_RETAIN_SELF = YES;
				CLANG_WARN_OBJC_LITERAL_CONVERSION = YES;
				CLANG_WARN_OBJC_ROOT_CLASS = YES_ERROR;
				CLANG_WARN_QUOTED_INCLUDE_IN_FRAMEWORK_HEADER = YES;
				CLANG_WARN_RANGE_LOOP_ANALYSIS = YES;
				CLANG_WARN_STRICT_PROTOTYPES = YES;
				CLANG_WARN_SUSPICIOUS_MOVE = YES;
				CLANG_WARN_UNGUARDED_AVAILABILITY = YES_AGGRESSIVE;
				CLANG_WARN_UNREACHABLE_CODE = YES;
				CLANG_WARN__DUPLICATE_METHOD_MATCH = YES;
				COPY_PHASE_STRIP = NO;
				DEBUG_INFORMATION_FORMAT = "dwarf-with-dsym";
				ENABLE_NS_ASSERTIONS = NO;
				ENABLE_STRICT_OBJC_MSGSEND = YES;
				GCC_C_LANGUAGE_STANDARD = gnu11;
				GCC_NO_COMMON_BLOCKS = YES;
				GCC_WARN_64_TO_32_BIT_CONVERSION = YES;
				GCC_WARN_ABOUT_RETURN_TYPE = YES_ERROR;
				GCC_WARN_UNDECLARED_SELECTOR = YES;
				GCC_WARN_UNINITIALIZED_AUTOS = YES_AGGRESSIVE;
				GCC_WARN_UNUSED_FUNCTION = YES;
				GCC_WARN_UNUSED_VARIABLE = YES;
				IPHONEOS_DEPLOYMENT_TARGET = 16.2;
				MTL_ENABLE_DEBUG_INFO = NO;
				MTL_FAST_MATH = YES;
				SDKROOT = iphoneos;
				SWIFT_COMPILATION_MODE = wholemodule;
				SWIFT_OPTIMIZATION_LEVEL = "-O";
				VALIDATE_PRODUCT = YES;
			};
			name = Release;
		};
		4B8A142129ECCB9800F9941E /* Debug */ = {
			isa = XCBuildConfiguration;
			buildSettings = {
				ASSETCATALOG_COMPILER_APPICON_NAME = AppIcon;
				ASSETCATALOG_COMPILER_GLOBAL_ACCENT_COLOR_NAME = AccentColor;
				CODE_SIGN_STYLE = Automatic;
				CURRENT_PROJECT_VERSION = 1;
				DEVELOPMENT_TEAM = VTCQS58AV8;
				GENERATE_INFOPLIST_FILE = YES;
				INFOPLIST_FILE = "Contact List/Info.plist";
				INFOPLIST_KEY_UIApplicationSupportsIndirectInputEvents = YES;
				INFOPLIST_KEY_UILaunchStoryboardName = LaunchScreen;
				INFOPLIST_KEY_UIMainStoryboardFile = Main;
				INFOPLIST_KEY_UISupportedInterfaceOrientations_iPad = "UIInterfaceOrientationPortrait UIInterfaceOrientationPortraitUpsideDown UIInterfaceOrientationLandscapeLeft UIInterfaceOrientationLandscapeRight";
				INFOPLIST_KEY_UISupportedInterfaceOrientations_iPhone = "UIInterfaceOrientationPortrait UIInterfaceOrientationLandscapeLeft UIInterfaceOrientationLandscapeRight";
				LD_RUNPATH_SEARCH_PATHS = (
					"$(inherited)",
					"@executable_path/Frameworks",
				);
				MARKETING_VERSION = 1.0;
				PRODUCT_BUNDLE_IDENTIFIER = "YuenShanTsang.Contact-List";
				PRODUCT_NAME = "$(TARGET_NAME)";
				SWIFT_EMIT_LOC_STRINGS = YES;
				SWIFT_VERSION = 5.0;
				TARGETED_DEVICE_FAMILY = "1,2";
			};
			name = Debug;
		};
		4B8A142229ECCB9800F9941E /* Release */ = {
			isa = XCBuildConfiguration;
			buildSettings = {
				ASSETCATALOG_COMPILER_APPICON_NAME = AppIcon;
				ASSETCATALOG_COMPILER_GLOBAL_ACCENT_COLOR_NAME = AccentColor;
				CODE_SIGN_STYLE = Automatic;
				CURRENT_PROJECT_VERSION = 1;
				DEVELOPMENT_TEAM = VTCQS58AV8;
				GENERATE_INFOPLIST_FILE = YES;
				INFOPLIST_FILE = "Contact List/Info.plist";
				INFOPLIST_KEY_UIApplicationSupportsIndirectInputEvents = YES;
				INFOPLIST_KEY_UILaunchStoryboardName = LaunchScreen;
				INFOPLIST_KEY_UIMainStoryboardFile = Main;
				INFOPLIST_KEY_UISupportedInterfaceOrientations_iPad = "UIInterfaceOrientationPortrait UIInterfaceOrientationPortraitUpsideDown UIInterfaceOrientationLandscapeLeft UIInterfaceOrientationLandscapeRight";
				INFOPLIST_KEY_UISupportedInterfaceOrientations_iPhone = "UIInterfaceOrientationPortrait UIInterfaceOrientationLandscapeLeft UIInterfaceOrientationLandscapeRight";
				LD_RUNPATH_SEARCH_PATHS = (
					"$(inherited)",
					"@executable_path/Frameworks",
				);
				MARKETING_VERSION = 1.0;
				PRODUCT_BUNDLE_IDENTIFIER = "YuenShanTsang.Contact-List";
				PRODUCT_NAME = "$(TARGET_NAME)";
				SWIFT_EMIT_LOC_STRINGS = YES;
				SWIFT_VERSION = 5.0;
				TARGETED_DEVICE_FAMILY = "1,2";
			};
			name = Release;
		};
		4B8A142429ECCB9800F9941E /* Debug */ = {
			isa = XCBuildConfiguration;
			buildSettings = {
				ALWAYS_EMBED_SWIFT_STANDARD_LIBRARIES = YES;
				BUNDLE_LOADER = "$(TEST_HOST)";
				CODE_SIGN_STYLE = Automatic;
				CURRENT_PROJECT_VERSION = 1;
				DEVELOPMENT_TEAM = VTCQS58AV8;
				GENERATE_INFOPLIST_FILE = YES;
				IPHONEOS_DEPLOYMENT_TARGET = 16.2;
				MARKETING_VERSION = 1.0;
				PRODUCT_BUNDLE_IDENTIFIER = "YuenShanTsang.Contact-ListTests";
				PRODUCT_NAME = "$(TARGET_NAME)";
				SWIFT_EMIT_LOC_STRINGS = NO;
				SWIFT_VERSION = 5.0;
				TARGETED_DEVICE_FAMILY = "1,2";
				TEST_HOST = "$(BUILT_PRODUCTS_DIR)/Contact List.app/$(BUNDLE_EXECUTABLE_FOLDER_PATH)/Contact List";
			};
			name = Debug;
		};
		4B8A142529ECCB9800F9941E /* Release */ = {
			isa = XCBuildConfiguration;
			buildSettings = {
				ALWAYS_EMBED_SWIFT_STANDARD_LIBRARIES = YES;
				BUNDLE_LOADER = "$(TEST_HOST)";
				CODE_SIGN_STYLE = Automatic;
				CURRENT_PROJECT_VERSION = 1;
				DEVELOPMENT_TEAM = VTCQS58AV8;
				GENERATE_INFOPLIST_FILE = YES;
				IPHONEOS_DEPLOYMENT_TARGET = 16.2;
				MARKETING_VERSION = 1.0;
				PRODUCT_BUNDLE_IDENTIFIER = "YuenShanTsang.Contact-ListTests";
				PRODUCT_NAME = "$(TARGET_NAME)";
				SWIFT_EMIT_LOC_STRINGS = NO;
				SWIFT_VERSION = 5.0;
				TARGETED_DEVICE_FAMILY = "1,2";
				TEST_HOST = "$(BUILT_PRODUCTS_DIR)/Contact List.app/$(BUNDLE_EXECUTABLE_FOLDER_PATH)/Contact List";
			};
			name = Release;
		};
		4B8A142729ECCB9800F9941E /* Debug */ = {
			isa = XCBuildConfiguration;
			buildSettings = {
				ALWAYS_EMBED_SWIFT_STANDARD_LIBRARIES = YES;
				CODE_SIGN_STYLE = Automatic;
				CURRENT_PROJECT_VERSION = 1;
				DEVELOPMENT_TEAM = VTCQS58AV8;
				GENERATE_INFOPLIST_FILE = YES;
				MARKETING_VERSION = 1.0;
				PRODUCT_BUNDLE_IDENTIFIER = "YuenShanTsang.Contact-ListUITests";
				PRODUCT_NAME = "$(TARGET_NAME)";
				SWIFT_EMIT_LOC_STRINGS = NO;
				SWIFT_VERSION = 5.0;
				TARGETED_DEVICE_FAMILY = "1,2";
				TEST_TARGET_NAME = "Contact List";
			};
			name = Debug;
		};
		4B8A142829ECCB9800F9941E /* Release */ = {
			isa = XCBuildConfiguration;
			buildSettings = {
				ALWAYS_EMBED_SWIFT_STANDARD_LIBRARIES = YES;
				CODE_SIGN_STYLE = Automatic;
				CURRENT_PROJECT_VERSION = 1;
				DEVELOPMENT_TEAM = VTCQS58AV8;
				GENERATE_INFOPLIST_FILE = YES;
				MARKETING_VERSION = 1.0;
				PRODUCT_BUNDLE_IDENTIFIER = "YuenShanTsang.Contact-ListUITests";
				PRODUCT_NAME = "$(TARGET_NAME)";
				SWIFT_EMIT_LOC_STRINGS = NO;
				SWIFT_VERSION = 5.0;
				TARGETED_DEVICE_FAMILY = "1,2";
				TEST_TARGET_NAME = "Contact List";
			};
			name = Release;
		};
/* End XCBuildConfiguration section */

/* Begin XCConfigurationList section */
		4B8A13F129ECCB9700F9941E /* Build configuration list for PBXProject "Contact List" */ = {
			isa = XCConfigurationList;
			buildConfigurations = (
				4B8A141E29ECCB9800F9941E /* Debug */,
				4B8A141F29ECCB9800F9941E /* Release */,
			);
			defaultConfigurationIsVisible = 0;
			defaultConfigurationName = Release;
		};
		4B8A142029ECCB9800F9941E /* Build configuration list for PBXNativeTarget "Contact List" */ = {
			isa = XCConfigurationList;
			buildConfigurations = (
				4B8A142129ECCB9800F9941E /* Debug */,
				4B8A142229ECCB9800F9941E /* Release */,
			);
			defaultConfigurationIsVisible = 0;
			defaultConfigurationName = Release;
		};
		4B8A142329ECCB9800F9941E /* Build configuration list for PBXNativeTarget "Contact ListTests" */ = {
			isa = XCConfigurationList;
			buildConfigurations = (
				4B8A142429ECCB9800F9941E /* Debug */,
				4B8A142529ECCB9800F9941E /* Release */,
			);
			defaultConfigurationIsVisible = 0;
			defaultConfigurationName = Release;
		};
		4B8A142629ECCB9800F9941E /* Build configuration list for PBXNativeTarget "Contact ListUITests" */ = {
			isa = XCConfigurationList;
			buildConfigurations = (
				4B8A142729ECCB9800F9941E /* Debug */,
				4B8A142829ECCB9800F9941E /* Release */,
			);
			defaultConfigurationIsVisible = 0;
			defaultConfigurationName = Release;
		};
/* End XCConfigurationList section */
	};
	rootObject = 4B8A13EE29ECCB9700F9941E /* Project object */;
}
